
Microsoft Visual Studio Solution File, Format Version 12.00
# Visual Studio Version 17
VisualStudioVersion = 17.9.34622.214
MinimumVisualStudioVersion = 10.0.40219.1
Project("{9A19103F-16F7-4668-BE54-9A1E7A4F7556}") = "FE.Signer", "FE.Signer\FE.Signer.csproj", "{213F3DFF-C164-49D3-8D1B-7D7FBF9CAAD9}"
EndProject
Global
	GlobalSection(SolutionConfigurationPlatforms) = preSolution
		Debug|Any CPU = Debug|Any CPU
		Release|Any CPU = Release|Any CPU
	EndGlobalSection
	GlobalSection(ProjectConfigurationPlatforms) = postSolution
		{213F3DFF-C164-49D3-8D1B-7D7FBF9CAAD9}.Debug|Any CPU.ActiveCfg = Debug|Any CPU
		{213F3DFF-C164-49D3-8D1B-7D7FBF9CAAD9}.Debug|Any CPU.Build.0 = Debug|Any CPU
		{213F3DFF-C164-49D3-8D1B-7D7FBF9CAAD9}.Release|Any CPU.ActiveCfg = Release|Any CPU
		{213F3DFF-C164-49D3-8D1B-7D7FBF9CAAD9}.Release|Any CPU.Build.0 = Release|Any CPU
	EndGlobalSection
	GlobalSection(SolutionProperties) = preSolution
		HideSolutionNode = FALSE
	EndGlobalSection
	GlobalSection(ExtensibilityGlobals) = postSolution
		SolutionGuid = {432E9604-BE5C-42A7-A282-7437C352CA0B}
	EndGlobalSection
EndGlobal
